
Microsoft Visual Studio Solution File, Format Version 10.00
# Visual Studio 2008
Project("{F184B08F-C81C-45F6-A57F-5ABD9991F28F}") = "AccessServiceSQL", "AccessServiceSQL.vbproj", "{83395413-837B-4E55-85D0-2675FC0B0F2F}"
EndProject
Project("{F184B08F-C81C-45F6-A57F-5ABD9991F28F}") = "UpgradeClassLibrary", "..\..\ClassLibrary\UpgradeClassLibrary\UpgradeClassLibrary.vbproj", "{EEC17BE7-329E-4901-8C1C-819654CB5785}"
EndProject
Global
	GlobalSection(TeamFoundationVersionControl) = preSolution
		SccNumberOfProjects = 3
		SccEnterpriseProvider = {4CA58AB2-18FA-4F8D-95D4-32DDF27D184C}
		SccTeamFoundationServer = http://ed-dese-tfs:8080/
		SccLocalPath0 = .
		SccProjectUniqueName1 = AccessServiceSQL.vbproj
		SccLocalPath1 = .
		SccProjectUniqueName2 = ..\\..\\ClassLibrary\\UpgradeClassLibrary\\UpgradeClassLibrary.vbproj
		SccProjectName2 = ../../ClassLibrary/UpgradeClassLibrary/UpgradeClassLibrary
		SccLocalPath2 = ..\\..\\ClassLibrary\\UpgradeClassLibrary
	EndGlobalSection
	GlobalSection(SolutionConfigurationPlatforms) = preSolution
		Debug|Any CPU = Debug|Any CPU
		Release|Any CPU = Release|Any CPU
	EndGlobalSection
	GlobalSection(ProjectConfigurationPlatforms) = postSolution
		{83395413-837B-4E55-85D0-2675FC0B0F2F}.Debug|Any CPU.ActiveCfg = Debug|Any CPU
		{83395413-837B-4E55-85D0-2675FC0B0F2F}.Debug|Any CPU.Build.0 = Debug|Any CPU
		{83395413-837B-4E55-85D0-2675FC0B0F2F}.Release|Any CPU.ActiveCfg = Release|Any CPU
		{83395413-837B-4E55-85D0-2675FC0B0F2F}.Release|Any CPU.Build.0 = Release|Any CPU
		{EEC17BE7-329E-4901-8C1C-819654CB5785}.Debug|Any CPU.ActiveCfg = Debug|Any CPU
		{EEC17BE7-329E-4901-8C1C-819654CB5785}.Debug|Any CPU.Build.0 = Debug|Any CPU
		{EEC17BE7-329E-4901-8C1C-819654CB5785}.Release|Any CPU.ActiveCfg = Release|Any CPU
		{EEC17BE7-329E-4901-8C1C-819654CB5785}.Release|Any CPU.Build.0 = Release|Any CPU
	EndGlobalSection
	GlobalSection(SolutionProperties) = preSolution
		HideSolutionNode = FALSE
	EndGlobalSection
EndGlobal
